
Microsoft Visual Studio Solution File, Format Version 12.00
# Visual Studio Version 17
VisualStudioVersion = 17.5.33516.290
MinimumVisualStudioVersion = 10.0.40219.1
Project("{FAE04EC0-301F-11D3-BF4B-00C04F79EFBC}") = "Ejercicio1", "Ejercicio1\Ejercicio1.csproj", "{C8336B4E-6398-4A88-8C70-B3B99A0ADB38}"
EndProject
Project("{FAE04EC0-301F-11D3-BF4B-00C04F79EFBC}") = "Email.Test", "Email.Test\Email.Test.csproj", "{52160EAC-FB0D-4C99-93E9-26236D151442}"
EndProject
Global
	GlobalSection(SolutionConfigurationPlatforms) = preSolution
		Debug|Any CPU = Debug|Any CPU
		Release|Any CPU = Release|Any CPU
	EndGlobalSection
	GlobalSection(ProjectConfigurationPlatforms) = postSolution
		{C8336B4E-6398-4A88-8C70-B3B99A0ADB38}.Debug|Any CPU.ActiveCfg = Debug|Any CPU
		{C8336B4E-6398-4A88-8C70-B3B99A0ADB38}.Debug|Any CPU.Build.0 = Debug|Any CPU
		{C8336B4E-6398-4A88-8C70-B3B99A0ADB38}.Release|Any CPU.ActiveCfg = Release|Any CPU
		{C8336B4E-6398-4A88-8C70-B3B99A0ADB38}.Release|Any CPU.Build.0 = Release|Any CPU
		{52160EAC-FB0D-4C99-93E9-26236D151442}.Debug|Any CPU.ActiveCfg = Debug|Any CPU
		{52160EAC-FB0D-4C99-93E9-26236D151442}.Debug|Any CPU.Build.0 = Debug|Any CPU
		{52160EAC-FB0D-4C99-93E9-26236D151442}.Release|Any CPU.ActiveCfg = Release|Any CPU
		{52160EAC-FB0D-4C99-93E9-26236D151442}.Release|Any CPU.Build.0 = Release|Any CPU
	EndGlobalSection
	GlobalSection(SolutionProperties) = preSolution
		HideSolutionNode = FALSE
	EndGlobalSection
	GlobalSection(ExtensibilityGlobals) = postSolution
		SolutionGuid = {42AE637E-B2AB-49F6-8123-FE0D8FE79F52}
	EndGlobalSection
EndGlobal
